
Microsoft Visual Studio Solution File, Format Version 12.00
# Visual Studio Version 16
VisualStudioVersion = 16.0.31729.503
MinimumVisualStudioVersion = 10.0.40219.1
Project("{FAE04EC0-301F-11D3-BF4B-00C04F79EFBC}") = "cs_7segment_time", "cs_7segment_time\cs_7segment_time.csproj", "{AD460C47-D507-405C-B620-614204C65BFC}"
EndProject
Global
	GlobalSection(SolutionConfigurationPlatforms) = preSolution
		Debug|Any CPU = Debug|Any CPU
		Release|Any CPU = Release|Any CPU
	EndGlobalSection
	GlobalSection(ProjectConfigurationPlatforms) = postSolution
		{AD460C47-D507-405C-B620-614204C65BFC}.Debug|Any CPU.ActiveCfg = Debug|Any CPU
		{AD460C47-D507-405C-B620-614204C65BFC}.Debug|Any CPU.Build.0 = Debug|Any CPU
		{AD460C47-D507-405C-B620-614204C65BFC}.Release|Any CPU.ActiveCfg = Release|Any CPU
		{AD460C47-D507-405C-B620-614204C65BFC}.Release|Any CPU.Build.0 = Release|Any CPU
	EndGlobalSection
	GlobalSection(SolutionProperties) = preSolution
		HideSolutionNode = FALSE
	EndGlobalSection
	GlobalSection(ExtensibilityGlobals) = postSolution
		SolutionGuid = {515CC6B2-9306-4CB7-815B-38D48199D2F2}
	EndGlobalSection
EndGlobal
